PODS:
  - AppAuth (1.7.6):
    - AppAuth/Core (= 1.7.6)
    - AppAuth/ExternalUserAgent (= 1.7.6)
  - AppAuth/Core (1.7.6)
  - AppAuth/ExternalUserAgent (1.7.6):
    - AppAuth/Core
  - desktop_drop (0.0.1):
    - FlutterMacOS
  - device_info_plus (0.0.1):
    - FlutterMacOS
  - file_selector_macos (0.0.1):
    - FlutterMacOS
  - FlutterMacOS (1.0.0)
  - google_sign_in_ios (0.0.1):
    - AppAuth (>= 1.7.4)
    - Flutter
    - FlutterMacOS
    - GoogleSignIn (~> 7.1)
    - GTMSessionFetcher (>= 3.4.0)
  - GoogleSignIn (7.1.0):
    - AppAuth (< 2.0, >= 1.7.3)
    - GTMAppAuth (< 5.0, >= 4.1.1)
    - GTMSessionFetcher/Core (~> 3.3)
  - GTMAppAuth (4.1.1):
    - AppAuth/Core (~> 1.7)
    - GTMSessionFetcher/Core (< 4.0, >= 3.3)
  - GTMSessionFetcher (3.5.0):
    - GTMSessionFetcher/Full (= 3.5.0)
  - GTMSessionFetcher/Core (3.5.0)
  - GTMSessionFetcher/Full (3.5.0):
    - GTMSessionFetcher/Core
  - in_app_purchase_storekit (0.0.1):
    - Flutter
    - FlutterMacOS
  - in_app_review (0.2.0):
    - FlutterMacOS
  - package_info (0.0.1):
    - FlutterMacOS
  - package_info_plus (0.0.1):
    - FlutterMacOS
  - path_provider_foundation (0.0.1):
    - Flutter
    - FlutterMacOS
  - printing (1.0.0):
    - FlutterMacOS
  - screen_retriever (0.0.1):
    - FlutterMacOS
  - Sentry/HybridSDK (8.46.0)
  - sentry_flutter (8.14.2):
    - Flutter
    - FlutterMacOS
    - Sentry/HybridSDK (= 8.46.0)
  - share_plus (0.0.1):
    - FlutterMacOS
  - shared_preferences_foundation (0.0.1):
    - Flutter
    - FlutterMacOS
  - sign_in_with_apple (0.0.1):
    - FlutterMacOS
  - smart_auth (0.0.1):
    - FlutterMacOS
  - url_launcher_macos (0.0.1):
    - FlutterMacOS
  - widget_kit_plugin (0.0.1):
    - FlutterMacOS
  - window_manager (0.2.0):
    - FlutterMacOS

DEPENDENCIES:
  - desktop_drop (from `Flutter/ephemeral/.symlinks/plugins/desktop_drop/macos`)
  - device_info_plus (from `Flutter/ephemeral/.symlinks/plugins/device_info_plus/macos`)
  - file_selector_macos (from `Flutter/ephemeral/.symlinks/plugins/file_selector_macos/macos`)
  - FlutterMacOS (from `Flutter/ephemeral`)
  - google_sign_in_ios (from `Flutter/ephemeral/.symlinks/plugins/google_sign_in_ios/darwin`)
  - in_app_purchase_storekit (from `Flutter/ephemeral/.symlinks/plugins/in_app_purchase_storekit/darwin`)
  - in_app_review (from `Flutter/ephemeral/.symlinks/plugins/in_app_review/macos`)
  - package_info (from `Flutter/ephemeral/.symlinks/plugins/package_info/macos`)
  - package_info_plus (from `Flutter/ephemeral/.symlinks/plugins/package_info_plus/macos`)
  - path_provider_foundation (from `Flutter/ephemeral/.symlinks/plugins/path_provider_foundation/darwin`)
  - printing (from `Flutter/ephemeral/.symlinks/plugins/printing/macos`)
  - screen_retriever (from `Flutter/ephemeral/.symlinks/plugins/screen_retriever/macos`)
  - sentry_flutter (from `Flutter/ephemeral/.symlinks/plugins/sentry_flutter/macos`)
  - share_plus (from `Flutter/ephemeral/.symlinks/plugins/share_plus/macos`)
  - shared_preferences_foundation (from `Flutter/ephemeral/.symlinks/plugins/shared_preferences_foundation/darwin`)
  - sign_in_with_apple (from `Flutter/ephemeral/.symlinks/plugins/sign_in_with_apple/macos`)
  - smart_auth (from `Flutter/ephemeral/.symlinks/plugins/smart_auth/macos`)
  - url_launcher_macos (from `Flutter/ephemeral/.symlinks/plugins/url_launcher_macos/macos`)
  - widget_kit_plugin (from `Flutter/ephemeral/.symlinks/plugins/widget_kit_plugin/macos`)
  - window_manager (from `Flutter/ephemeral/.symlinks/plugins/window_manager/macos`)

SPEC REPOS:
  trunk:
    - AppAuth
    - GoogleSignIn
    - GTMAppAuth
    - GTMSessionFetcher
    - Sentry

EXTERNAL SOURCES:
  desktop_drop:
    :path: Flutter/ephemeral/.symlinks/plugins/desktop_drop/macos
  device_info_plus:
    :path: Flutter/ephemeral/.symlinks/plugins/device_info_plus/macos
  file_selector_macos:
    :path: Flutter/ephemeral/.symlinks/plugins/file_selector_macos/macos
  FlutterMacOS:
    :path: Flutter/ephemeral
  google_sign_in_ios:
    :path: Flutter/ephemeral/.symlinks/plugins/google_sign_in_ios/darwin
  in_app_purchase_storekit:
    :path: Flutter/ephemeral/.symlinks/plugins/in_app_purchase_storekit/darwin
  in_app_review:
    :path: Flutter/ephemeral/.symlinks/plugins/in_app_review/macos
  package_info:
    :path: Flutter/ephemeral/.symlinks/plugins/package_info/macos
  package_info_plus:
    :path: Flutter/ephemeral/.symlinks/plugins/package_info_plus/macos
  path_provider_foundation:
    :path: Flutter/ephemeral/.symlinks/plugins/path_provider_foundation/darwin
  printing:
    :path: Flutter/ephemeral/.symlinks/plugins/printing/macos
  screen_retriever:
    :path: Flutter/ephemeral/.symlinks/plugins/screen_retriever/macos
  sentry_flutter:
    :path: Flutter/ephemeral/.symlinks/plugins/sentry_flutter/macos
  share_plus:
    :path: Flutter/ephemeral/.symlinks/plugins/share_plus/macos
  shared_preferences_foundation:
    :path: Flutter/ephemeral/.symlinks/plugins/shared_preferences_foundation/darwin
  sign_in_with_apple:
    :path: Flutter/ephemeral/.symlinks/plugins/sign_in_with_apple/macos
  smart_auth:
    :path: Flutter/ephemeral/.symlinks/plugins/smart_auth/macos
  url_launcher_macos:
    :path: Flutter/ephemeral/.symlinks/plugins/url_launcher_macos/macos
  widget_kit_plugin:
    :path: Flutter/ephemeral/.symlinks/plugins/widget_kit_plugin/macos
  window_manager:
    :path: Flutter/ephemeral/.symlinks/plugins/window_manager/macos

SPEC CHECKSUMS:
  AppAuth: d4f13a8fe0baf391b2108511793e4b479691fb73
  desktop_drop: 69eeff437544aa619c8db7f4481b3a65f7696898
  device_info_plus: 5401765fde0b8d062a2f8eb65510fb17e77cf07f
  file_selector_macos: 468fb6b81fac7c0e88d71317f3eec34c3b008ff9
  FlutterMacOS: 8f6f14fa908a6fb3fba0cd85dbd81ec4b251fb24
  google_sign_in_ios: 07375bfbf2620bc93a602c0e27160d6afc6ead38
  GoogleSignIn: d4281ab6cf21542b1cfaff85c191f230b399d2db
  GTMAppAuth: f69bd07d68cd3b766125f7e072c45d7340dea0de
  GTMSessionFetcher: 5aea5ba6bd522a239e236100971f10cb71b96ab6
  in_app_purchase_storekit: 0e4b3c2e43ba1e1281f4f46dd71b0593ce529892
  in_app_review: a850789fad746e89bce03d4aeee8078b45a53fd0
  package_info: 6eba2fd8d3371dda2d85c8db6fe97488f24b74b2
  package_info_plus: fa739dd842b393193c5ca93c26798dff6e3d0e0c
  path_provider_foundation: 3784922295ac71e43754bd15e0653ccfd36a147c
  printing: 1dd6a1fce2209ec240698e2439a4adbb9b427637
  screen_retriever: 59634572a57080243dd1bf715e55b6c54f241a38
  Sentry: da60d980b197a46db0b35ea12cb8f39af48d8854
  sentry_flutter: 2df8b0aab7e4aba81261c230cbea31c82a62dd1b
  share_plus: 76dd39142738f7a68dd57b05093b5e8193f220f7
  shared_preferences_foundation: b4c3b4cddf1c21f02770737f147a3f5da9d39695
  sign_in_with_apple: a9e97e744e8edc36aefc2723111f652102a7a727
  smart_auth: b38e3ab4bfe089eacb1e233aca1a2340f96c28e9
  url_launcher_macos: d2691c7dd33ed713bf3544850a623080ec693d95
  widget_kit_plugin: 9658611f1ba5faaaa9e8221d94fce53733a6911c
  window_manager: 3a1844359a6295ab1e47659b1a777e36773cd6e8

PODFILE CHECKSUM: 8d40c19d3cbdb380d870685c3a564c989f1efa52

COCOAPODS: 1.14.3
